
Microsoft Visual Studio Solution File, Format Version 12.00
# Visual Studio Version 17
VisualStudioVersion = 17.0.31903.59
MinimumVisualStudioVersion = 10.0.40219.1
Project("{2150E333-8FDC-42A3-9474-1A3956D46DE8}") = "src", "src", "{E932228D-B05E-4F21-A6C7-F0C118D2CD3D}"
EndProject
Project("{FAE04EC0-301F-11D3-BF4B-00C04F79EFBC}") = "TicketsSellSystem.Domain", "src\TicketsSellSystem.Domain\TicketsSellSystem.Domain.csproj", "{03952658-B1A5-4C27-B557-052F821373F2}"
EndProject
Project("{FAE04EC0-301F-11D3-BF4B-00C04F79EFBC}") = "TicketsSellSystem.Application", "src\TicketsSellSystem.Application\TicketsSellSystem.Application.csproj", "{535F7C61-C088-4459-8EAE-AB36C44F5E53}"
EndProject
Project("{2150E333-8FDC-42A3-9474-1A3956D46DE8}") = "tests", "tests", "{61CB62BC-C211-428B-9B25-EDD4341254FD}"
EndProject
Project("{FAE04EC0-301F-11D3-BF4B-00C04F79EFBC}") = "TicketsSellSystem.Tests", "tests\TicketsSellSystem.Tests\TicketsSellSystem.Tests.csproj", "{650DC752-47D3-4027-A60F-8BCEE4EBD953}"
EndProject
Project("{FAE04EC0-301F-11D3-BF4B-00C04F79EFBC}") = "TicketsSellSystem.Api", "src\TicketsSellSystem.Api\TicketsSellSystem.Api.csproj", "{437DD74F-5B65-4921-BA51-B93E0B0BBE30}"
EndProject
Global
	GlobalSection(SolutionConfigurationPlatforms) = preSolution
		Debug|Any CPU = Debug|Any CPU
		Release|Any CPU = Release|Any CPU
	EndGlobalSection
	GlobalSection(SolutionProperties) = preSolution
		HideSolutionNode = FALSE
	EndGlobalSection
	GlobalSection(ProjectConfigurationPlatforms) = postSolution
		{03952658-B1A5-4C27-B557-052F821373F2}.Debug|Any CPU.ActiveCfg = Debug|Any CPU
		{03952658-B1A5-4C27-B557-052F821373F2}.Debug|Any CPU.Build.0 = Debug|Any CPU
		{03952658-B1A5-4C27-B557-052F821373F2}.Release|Any CPU.ActiveCfg = Release|Any CPU
		{03952658-B1A5-4C27-B557-052F821373F2}.Release|Any CPU.Build.0 = Release|Any CPU
		{535F7C61-C088-4459-8EAE-AB36C44F5E53}.Debug|Any CPU.ActiveCfg = Debug|Any CPU
		{535F7C61-C088-4459-8EAE-AB36C44F5E53}.Debug|Any CPU.Build.0 = Debug|Any CPU
		{535F7C61-C088-4459-8EAE-AB36C44F5E53}.Release|Any CPU.ActiveCfg = Release|Any CPU
		{535F7C61-C088-4459-8EAE-AB36C44F5E53}.Release|Any CPU.Build.0 = Release|Any CPU
		{650DC752-47D3-4027-A60F-8BCEE4EBD953}.Debug|Any CPU.ActiveCfg = Debug|Any CPU
		{650DC752-47D3-4027-A60F-8BCEE4EBD953}.Debug|Any CPU.Build.0 = Debug|Any CPU
		{650DC752-47D3-4027-A60F-8BCEE4EBD953}.Release|Any CPU.ActiveCfg = Release|Any CPU
		{650DC752-47D3-4027-A60F-8BCEE4EBD953}.Release|Any CPU.Build.0 = Release|Any CPU
		{437DD74F-5B65-4921-BA51-B93E0B0BBE30}.Debug|Any CPU.ActiveCfg = Debug|Any CPU
		{437DD74F-5B65-4921-BA51-B93E0B0BBE30}.Debug|Any CPU.Build.0 = Debug|Any CPU
		{437DD74F-5B65-4921-BA51-B93E0B0BBE30}.Release|Any CPU.ActiveCfg = Release|Any CPU
		{437DD74F-5B65-4921-BA51-B93E0B0BBE30}.Release|Any CPU.Build.0 = Release|Any CPU
	EndGlobalSection
	GlobalSection(NestedProjects) = preSolution
		{03952658-B1A5-4C27-B557-052F821373F2} = {E932228D-B05E-4F21-A6C7-F0C118D2CD3D}
		{535F7C61-C088-4459-8EAE-AB36C44F5E53} = {E932228D-B05E-4F21-A6C7-F0C118D2CD3D}
		{650DC752-47D3-4027-A60F-8BCEE4EBD953} = {61CB62BC-C211-428B-9B25-EDD4341254FD}
		{437DD74F-5B65-4921-BA51-B93E0B0BBE30} = {E932228D-B05E-4F21-A6C7-F0C118D2CD3D}
	EndGlobalSection
EndGlobal
